
Microsoft Visual Studio Solution File, Format Version 12.00
# Visual Studio Version 17
VisualStudioVersion = 17.0.31903.59
MinimumVisualStudioVersion = 10.0.40219.1
Project("{FAE04EC0-301F-11D3-BF4B-00C04F79EFBC}") = "MimikingMasaEshop.Service.Catalog", "MimikingMasaEshop.Service.Catalog\MimikingMasaEshop.Service.Catalog.csproj", "{454736BB-0BC2-450A-AD5E-A76A2B42EEF4}"
EndProject
Project("{FAE04EC0-301F-11D3-BF4B-00C04F79EFBC}") = "MimikingMasaEshop.Contracts.Catalog", "MimikingMasaEshop.Contracts.Catalog\MimikingMasaEshop.Contracts.Catalog.csproj", "{1A12BFFC-3822-47A6-B77B-A9053B9F93D5}"
EndProject
Global
	GlobalSection(SolutionConfigurationPlatforms) = preSolution
		Debug|Any CPU = Debug|Any CPU
		Release|Any CPU = Release|Any CPU
	EndGlobalSection
	GlobalSection(SolutionProperties) = preSolution
		HideSolutionNode = FALSE
	EndGlobalSection
	GlobalSection(ProjectConfigurationPlatforms) = postSolution
		{454736BB-0BC2-450A-AD5E-A76A2B42EEF4}.Debug|Any CPU.ActiveCfg = Debug|Any CPU
		{454736BB-0BC2-450A-AD5E-A76A2B42EEF4}.Debug|Any CPU.Build.0 = Debug|Any CPU
		{454736BB-0BC2-450A-AD5E-A76A2B42EEF4}.Release|Any CPU.ActiveCfg = Release|Any CPU
		{454736BB-0BC2-450A-AD5E-A76A2B42EEF4}.Release|Any CPU.Build.0 = Release|Any CPU
		{1A12BFFC-3822-47A6-B77B-A9053B9F93D5}.Debug|Any CPU.ActiveCfg = Debug|Any CPU
		{1A12BFFC-3822-47A6-B77B-A9053B9F93D5}.Debug|Any CPU.Build.0 = Debug|Any CPU
		{1A12BFFC-3822-47A6-B77B-A9053B9F93D5}.Release|Any CPU.ActiveCfg = Release|Any CPU
		{1A12BFFC-3822-47A6-B77B-A9053B9F93D5}.Release|Any CPU.Build.0 = Release|Any CPU
	EndGlobalSection
EndGlobal
